
Microsoft Visual Studio Solution File, Format Version 12.00
# Visual Studio Version 16
VisualStudioVersion = 16.0.29519.181
MinimumVisualStudioVersion = 10.0.40219.1
Project("{FAE04EC0-301F-11D3-BF4B-00C04F79EFBC}") = "DemoMVC", "DemoMVC\DemoMVC.csproj", "{5FD8DBDE-EA67-4823-9D2C-BB530D4E3EF0}"
EndProject
Global
	GlobalSection(SolutionConfigurationPlatforms) = preSolution
		Debug|Any CPU = Debug|Any CPU
		Release|Any CPU = Release|Any CPU
	EndGlobalSection
	GlobalSection(ProjectConfigurationPlatforms) = postSolution
		{5FD8DBDE-EA67-4823-9D2C-BB530D4E3EF0}.Debug|Any CPU.ActiveCfg = Debug|Any CPU
		{5FD8DBDE-EA67-4823-9D2C-BB530D4E3EF0}.Debug|Any CPU.Build.0 = Debug|Any CPU
		{5FD8DBDE-EA67-4823-9D2C-BB530D4E3EF0}.Release|Any CPU.ActiveCfg = Release|Any CPU
		{5FD8DBDE-EA67-4823-9D2C-BB530D4E3EF0}.Release|Any CPU.Build.0 = Release|Any CPU
	EndGlobalSection
	GlobalSection(SolutionProperties) = preSolution
		HideSolutionNode = FALSE
	EndGlobalSection
	GlobalSection(ExtensibilityGlobals) = postSolution
		SolutionGuid = {6EF810AA-A064-4AE7-B2B5-A70544389AF6}
	EndGlobalSection
EndGlobal
